
Microsoft Visual Studio Solution File, Format Version 12.00
# Visual Studio 15
VisualStudioVersion = 15.0.26124.0
MinimumVisualStudioVersion = 15.0.26124.0
Project("{2150E333-8FDC-42A3-9474-1A3956D46DE8}") = "src", "src", "{2A9F14A9-1ECD-4139-A713-AA880BFD2E81}"
ProjectSection(SolutionItems) = preProject
	src\Directory.Build.props = src\Directory.Build.props
EndProjectSection
EndProject
Project("{FAE04EC0-301F-11D3-BF4B-00C04F79EFBC}") = "Etdb.ReportingService", "src\Etdb.ReportingService\Etdb.ReportingService.csproj", "{46359836-B647-4FA2-9C1C-2E3AD4902050}"
EndProject
Project("{2150E333-8FDC-42A3-9474-1A3956D46DE8}") = "test", "test", "{B7686889-02C6-46C1-A4A4-F634F6BB9F38}"
EndProject
Project("{FAE04EC0-301F-11D3-BF4B-00C04F79EFBC}") = "Etdb.ReportingService.Tests", "test\Etdb.ReportingService.Tests\Etdb.ReportingService.Tests.csproj", "{ED224C3D-824C-44E2-A547-D9BC5BA4E613}"
EndProject
Project("{2150E333-8FDC-42A3-9474-1A3956D46DE8}") = "misc", "misc", "{165721B1-8EDD-4922-98EB-3D63101EE623}"
EndProject
Project("{FAE04EC0-301F-11D3-BF4B-00C04F79EFBC}") = "Etdb.ReportingService.Services.Abstractions", "src\Etdb.ReportingService.Services.Abstractions\Etdb.ReportingService.Services.Abstractions.csproj", "{57AF657D-9649-455A-BA66-025744C77EBB}"
EndProject
Project("{FAE04EC0-301F-11D3-BF4B-00C04F79EFBC}") = "Etdb.ReportingService.Services", "src\Etdb.ReportingService.Services\Etdb.ReportingService.Services.csproj", "{E3E7257F-4CF7-4783-80E8-01C49EE9FF62}"
EndProject
Project("{FAE04EC0-301F-11D3-BF4B-00C04F79EFBC}") = "Etdb.ReportingService.Worker", "src\Etdb.ReportingService.Worker\Etdb.ReportingService.Worker.csproj", "{259044DF-4811-42C9-BE7F-DDF6213184F5}"
EndProject
Project("{FAE04EC0-301F-11D3-BF4B-00C04F79EFBC}") = "Etdb.ReportingService.Domain", "src\Etdb.ReportingService.Domain\Etdb.ReportingService.Domain.csproj", "{82EEBB7E-6227-42C8-8D6E-ED8DBF032C0C}"
EndProject
Project("{FAE04EC0-301F-11D3-BF4B-00C04F79EFBC}") = "Etdb.ReportingService.Presentation", "src\Etdb.ReportingService.Presentation\Etdb.ReportingService.Presentation.csproj", "{1B12941F-EA5B-446D-BBE1-8BC5880AA9E3}"
EndProject
Project("{FAE04EC0-301F-11D3-BF4B-00C04F79EFBC}") = "Etdb.ReportingService.Cqrs.Abstractions", "src\Etdb.ReportingService.Cqrs.Abstractions\Etdb.ReportingService.Cqrs.Abstractions.csproj", "{D3AF0F2B-CC45-43E8-BCB3-6C56E3831844}"
EndProject
Project("{FAE04EC0-301F-11D3-BF4B-00C04F79EFBC}") = "Etdb.ReportingService.Cqrs", "src\Etdb.ReportingService.Cqrs\Etdb.ReportingService.Cqrs.csproj", "{40838331-E5E7-474C-A23C-025A1EFDD6B3}"
EndProject
Project("{FAE04EC0-301F-11D3-BF4B-00C04F79EFBC}") = "Etdb.ReportingService.AutoMapper", "src\Etdb.ReportingService.AutoMapper\Etdb.ReportingService.AutoMapper.csproj", "{FEEFBE4B-2146-4614-A880-9EBD7AD1156E}"
EndProject
Project("{FAE04EC0-301F-11D3-BF4B-00C04F79EFBC}") = "Etdb.ReportingService.Misc", "src\Etdb.ReportingService.Misc\Etdb.ReportingService.Misc.csproj", "{95801E89-A273-457A-B340-FFBAFC9CDCD4}"
EndProject
Global
	GlobalSection(SolutionConfigurationPlatforms) = preSolution
		Debug|Any CPU = Debug|Any CPU
		Debug|x64 = Debug|x64
		Debug|x86 = Debug|x86
		Release|Any CPU = Release|Any CPU
		Release|x64 = Release|x64
		Release|x86 = Release|x86
	EndGlobalSection
	GlobalSection(SolutionProperties) = preSolution
		HideSolutionNode = FALSE
	EndGlobalSection
	GlobalSection(ProjectConfigurationPlatforms) = postSolution
		{46359836-B647-4FA2-9C1C-2E3AD4902050}.Debug|Any CPU.ActiveCfg = Debug|Any CPU
		{46359836-B647-4FA2-9C1C-2E3AD4902050}.Debug|Any CPU.Build.0 = Debug|Any CPU
		{46359836-B647-4FA2-9C1C-2E3AD4902050}.Debug|x64.ActiveCfg = Debug|Any CPU
		{46359836-B647-4FA2-9C1C-2E3AD4902050}.Debug|x64.Build.0 = Debug|Any CPU
		{46359836-B647-4FA2-9C1C-2E3AD4902050}.Debug|x86.ActiveCfg = Debug|Any CPU
		{46359836-B647-4FA2-9C1C-2E3AD4902050}.Debug|x86.Build.0 = Debug|Any CPU
		{46359836-B647-4FA2-9C1C-2E3AD4902050}.Release|Any CPU.ActiveCfg = Release|Any CPU
		{46359836-B647-4FA2-9C1C-2E3AD4902050}.Release|Any CPU.Build.0 = Release|Any CPU
		{46359836-B647-4FA2-9C1C-2E3AD4902050}.Release|x64.ActiveCfg = Release|Any CPU
		{46359836-B647-4FA2-9C1C-2E3AD4902050}.Release|x64.Build.0 = Release|Any CPU
		{46359836-B647-4FA2-9C1C-2E3AD4902050}.Release|x86.ActiveCfg = Release|Any CPU
		{46359836-B647-4FA2-9C1C-2E3AD4902050}.Release|x86.Build.0 = Release|Any CPU
		{ED224C3D-824C-44E2-A547-D9BC5BA4E613}.Debug|Any CPU.ActiveCfg = Debug|Any CPU
		{ED224C3D-824C-44E2-A547-D9BC5BA4E613}.Debug|Any CPU.Build.0 = Debug|Any CPU
		{ED224C3D-824C-44E2-A547-D9BC5BA4E613}.Debug|x64.ActiveCfg = Debug|Any CPU
		{ED224C3D-824C-44E2-A547-D9BC5BA4E613}.Debug|x64.Build.0 = Debug|Any CPU
		{ED224C3D-824C-44E2-A547-D9BC5BA4E613}.Debug|x86.ActiveCfg = Debug|Any CPU
		{ED224C3D-824C-44E2-A547-D9BC5BA4E613}.Debug|x86.Build.0 = Debug|Any CPU
		{ED224C3D-824C-44E2-A547-D9BC5BA4E613}.Release|Any CPU.ActiveCfg = Release|Any CPU
		{ED224C3D-824C-44E2-A547-D9BC5BA4E613}.Release|Any CPU.Build.0 = Release|Any CPU
		{ED224C3D-824C-44E2-A547-D9BC5BA4E613}.Release|x64.ActiveCfg = Release|Any CPU
		{ED224C3D-824C-44E2-A547-D9BC5BA4E613}.Release|x64.Build.0 = Release|Any CPU
		{ED224C3D-824C-44E2-A547-D9BC5BA4E613}.Release|x86.ActiveCfg = Release|Any CPU
		{ED224C3D-824C-44E2-A547-D9BC5BA4E613}.Release|x86.Build.0 = Release|Any CPU
		{57AF657D-9649-455A-BA66-025744C77EBB}.Debug|Any CPU.ActiveCfg = Debug|Any CPU
		{57AF657D-9649-455A-BA66-025744C77EBB}.Debug|Any CPU.Build.0 = Debug|Any CPU
		{57AF657D-9649-455A-BA66-025744C77EBB}.Debug|x64.ActiveCfg = Debug|Any CPU
		{57AF657D-9649-455A-BA66-025744C77EBB}.Debug|x64.Build.0 = Debug|Any CPU
		{57AF657D-9649-455A-BA66-025744C77EBB}.Debug|x86.ActiveCfg = Debug|Any CPU
		{57AF657D-9649-455A-BA66-025744C77EBB}.Debug|x86.Build.0 = Debug|Any CPU
		{57AF657D-9649-455A-BA66-025744C77EBB}.Release|Any CPU.ActiveCfg = Release|Any CPU
		{57AF657D-9649-455A-BA66-025744C77EBB}.Release|Any CPU.Build.0 = Release|Any CPU
		{57AF657D-9649-455A-BA66-025744C77EBB}.Release|x64.ActiveCfg = Release|Any CPU
		{57AF657D-9649-455A-BA66-025744C77EBB}.Release|x64.Build.0 = Release|Any CPU
		{57AF657D-9649-455A-BA66-025744C77EBB}.Release|x86.ActiveCfg = Release|Any CPU
		{57AF657D-9649-455A-BA66-025744C77EBB}.Release|x86.Build.0 = Release|Any CPU
		{E3E7257F-4CF7-4783-80E8-01C49EE9FF62}.Debug|Any CPU.ActiveCfg = Debug|Any CPU
		{E3E7257F-4CF7-4783-80E8-01C49EE9FF62}.Debug|Any CPU.Build.0 = Debug|Any CPU
		{E3E7257F-4CF7-4783-80E8-01C49EE9FF62}.Debug|x64.ActiveCfg = Debug|Any CPU
		{E3E7257F-4CF7-4783-80E8-01C49EE9FF62}.Debug|x64.Build.0 = Debug|Any CPU
		{E3E7257F-4CF7-4783-80E8-01C49EE9FF62}.Debug|x86.ActiveCfg = Debug|Any CPU
		{E3E7257F-4CF7-4783-80E8-01C49EE9FF62}.Debug|x86.Build.0 = Debug|Any CPU
		{E3E7257F-4CF7-4783-80E8-01C49EE9FF62}.Release|Any CPU.ActiveCfg = Release|Any CPU
		{E3E7257F-4CF7-4783-80E8-01C49EE9FF62}.Release|Any CPU.Build.0 = Release|Any CPU
		{E3E7257F-4CF7-4783-80E8-01C49EE9FF62}.Release|x64.ActiveCfg = Release|Any CPU
		{E3E7257F-4CF7-4783-80E8-01C49EE9FF62}.Release|x64.Build.0 = Release|Any CPU
		{E3E7257F-4CF7-4783-80E8-01C49EE9FF62}.Release|x86.ActiveCfg = Release|Any CPU
		{E3E7257F-4CF7-4783-80E8-01C49EE9FF62}.Release|x86.Build.0 = Release|Any CPU
		{259044DF-4811-42C9-BE7F-DDF6213184F5}.Debug|Any CPU.ActiveCfg = Debug|Any CPU
		{259044DF-4811-42C9-BE7F-DDF6213184F5}.Debug|Any CPU.Build.0 = Debug|Any CPU
		{259044DF-4811-42C9-BE7F-DDF6213184F5}.Debug|x64.ActiveCfg = Debug|Any CPU
		{259044DF-4811-42C9-BE7F-DDF6213184F5}.Debug|x64.Build.0 = Debug|Any CPU
		{259044DF-4811-42C9-BE7F-DDF6213184F5}.Debug|x86.ActiveCfg = Debug|Any CPU
		{259044DF-4811-42C9-BE7F-DDF6213184F5}.Debug|x86.Build.0 = Debug|Any CPU
		{259044DF-4811-42C9-BE7F-DDF6213184F5}.Release|Any CPU.ActiveCfg = Release|Any CPU
		{259044DF-4811-42C9-BE7F-DDF6213184F5}.Release|Any CPU.Build.0 = Release|Any CPU
		{259044DF-4811-42C9-BE7F-DDF6213184F5}.Release|x64.ActiveCfg = Release|Any CPU
		{259044DF-4811-42C9-BE7F-DDF6213184F5}.Release|x64.Build.0 = Release|Any CPU
		{259044DF-4811-42C9-BE7F-DDF6213184F5}.Release|x86.ActiveCfg = Release|Any CPU
		{259044DF-4811-42C9-BE7F-DDF6213184F5}.Release|x86.Build.0 = Release|Any CPU
		{82EEBB7E-6227-42C8-8D6E-ED8DBF032C0C}.Debug|Any CPU.ActiveCfg = Debug|Any CPU
		{82EEBB7E-6227-42C8-8D6E-ED8DBF032C0C}.Debug|Any CPU.Build.0 = Debug|Any CPU
		{82EEBB7E-6227-42C8-8D6E-ED8DBF032C0C}.Debug|x64.ActiveCfg = Debug|Any CPU
		{82EEBB7E-6227-42C8-8D6E-ED8DBF032C0C}.Debug|x64.Build.0 = Debug|Any CPU
		{82EEBB7E-6227-42C8-8D6E-ED8DBF032C0C}.Debug|x86.ActiveCfg = Debug|Any CPU
		{82EEBB7E-6227-42C8-8D6E-ED8DBF032C0C}.Debug|x86.Build.0 = Debug|Any CPU
		{82EEBB7E-6227-42C8-8D6E-ED8DBF032C0C}.Release|Any CPU.ActiveCfg = Release|Any CPU
		{82EEBB7E-6227-42C8-8D6E-ED8DBF032C0C}.Release|Any CPU.Build.0 = Release|Any CPU
		{82EEBB7E-6227-42C8-8D6E-ED8DBF032C0C}.Release|x64.ActiveCfg = Release|Any CPU
		{82EEBB7E-6227-42C8-8D6E-ED8DBF032C0C}.Release|x64.Build.0 = Release|Any CPU
		{82EEBB7E-6227-42C8-8D6E-ED8DBF032C0C}.Release|x86.ActiveCfg = Release|Any CPU
		{82EEBB7E-6227-42C8-8D6E-ED8DBF032C0C}.Release|x86.Build.0 = Release|Any CPU
		{1B12941F-EA5B-446D-BBE1-8BC5880AA9E3}.Debug|Any CPU.ActiveCfg = Debug|Any CPU
		{1B12941F-EA5B-446D-BBE1-8BC5880AA9E3}.Debug|Any CPU.Build.0 = Debug|Any CPU
		{1B12941F-EA5B-446D-BBE1-8BC5880AA9E3}.Debug|x64.ActiveCfg = Debug|Any CPU
		{1B12941F-EA5B-446D-BBE1-8BC5880AA9E3}.Debug|x64.Build.0 = Debug|Any CPU
		{1B12941F-EA5B-446D-BBE1-8BC5880AA9E3}.Debug|x86.ActiveCfg = Debug|Any CPU
		{1B12941F-EA5B-446D-BBE1-8BC5880AA9E3}.Debug|x86.Build.0 = Debug|Any CPU
		{1B12941F-EA5B-446D-BBE1-8BC5880AA9E3}.Release|Any CPU.ActiveCfg = Release|Any CPU
		{1B12941F-EA5B-446D-BBE1-8BC5880AA9E3}.Release|Any CPU.Build.0 = Release|Any CPU
		{1B12941F-EA5B-446D-BBE1-8BC5880AA9E3}.Release|x64.ActiveCfg = Release|Any CPU
		{1B12941F-EA5B-446D-BBE1-8BC5880AA9E3}.Release|x64.Build.0 = Release|Any CPU
		{1B12941F-EA5B-446D-BBE1-8BC5880AA9E3}.Release|x86.ActiveCfg = Release|Any CPU
		{1B12941F-EA5B-446D-BBE1-8BC5880AA9E3}.Release|x86.Build.0 = Release|Any CPU
		{D3AF0F2B-CC45-43E8-BCB3-6C56E3831844}.Debug|Any CPU.ActiveCfg = Debug|Any CPU
		{D3AF0F2B-CC45-43E8-BCB3-6C56E3831844}.Debug|Any CPU.Build.0 = Debug|Any CPU
		{D3AF0F2B-CC45-43E8-BCB3-6C56E3831844}.Debug|x64.ActiveCfg = Debug|Any CPU
		{D3AF0F2B-CC45-43E8-BCB3-6C56E3831844}.Debug|x64.Build.0 = Debug|Any CPU
		{D3AF0F2B-CC45-43E8-BCB3-6C56E3831844}.Debug|x86.ActiveCfg = Debug|Any CPU
		{D3AF0F2B-CC45-43E8-BCB3-6C56E3831844}.Debug|x86.Build.0 = Debug|Any CPU
		{D3AF0F2B-CC45-43E8-BCB3-6C56E3831844}.Release|Any CPU.ActiveCfg = Release|Any CPU
		{D3AF0F2B-CC45-43E8-BCB3-6C56E3831844}.Release|Any CPU.Build.0 = Release|Any CPU
		{D3AF0F2B-CC45-43E8-BCB3-6C56E3831844}.Release|x64.ActiveCfg = Release|Any CPU
		{D3AF0F2B-CC45-43E8-BCB3-6C56E3831844}.Release|x64.Build.0 = Release|Any CPU
		{D3AF0F2B-CC45-43E8-BCB3-6C56E3831844}.Release|x86.ActiveCfg = Release|Any CPU
		{D3AF0F2B-CC45-43E8-BCB3-6C56E3831844}.Release|x86.Build.0 = Release|Any CPU
		{40838331-E5E7-474C-A23C-025A1EFDD6B3}.Debug|Any CPU.ActiveCfg = Debug|Any CPU
		{40838331-E5E7-474C-A23C-025A1EFDD6B3}.Debug|Any CPU.Build.0 = Debug|Any CPU
		{40838331-E5E7-474C-A23C-025A1EFDD6B3}.Debug|x64.ActiveCfg = Debug|Any CPU
		{40838331-E5E7-474C-A23C-025A1EFDD6B3}.Debug|x64.Build.0 = Debug|Any CPU
		{40838331-E5E7-474C-A23C-025A1EFDD6B3}.Debug|x86.ActiveCfg = Debug|Any CPU
		{40838331-E5E7-474C-A23C-025A1EFDD6B3}.Debug|x86.Build.0 = Debug|Any CPU
		{40838331-E5E7-474C-A23C-025A1EFDD6B3}.Release|Any CPU.ActiveCfg = Release|Any CPU
		{40838331-E5E7-474C-A23C-025A1EFDD6B3}.Release|Any CPU.Build.0 = Release|Any CPU
		{40838331-E5E7-474C-A23C-025A1EFDD6B3}.Release|x64.ActiveCfg = Release|Any CPU
		{40838331-E5E7-474C-A23C-025A1EFDD6B3}.Release|x64.Build.0 = Release|Any CPU
		{40838331-E5E7-474C-A23C-025A1EFDD6B3}.Release|x86.ActiveCfg = Release|Any CPU
		{40838331-E5E7-474C-A23C-025A1EFDD6B3}.Release|x86.Build.0 = Release|Any CPU
		{FEEFBE4B-2146-4614-A880-9EBD7AD1156E}.Debug|Any CPU.ActiveCfg = Debug|Any CPU
		{FEEFBE4B-2146-4614-A880-9EBD7AD1156E}.Debug|Any CPU.Build.0 = Debug|Any CPU
		{FEEFBE4B-2146-4614-A880-9EBD7AD1156E}.Debug|x64.ActiveCfg = Debug|Any CPU
		{FEEFBE4B-2146-4614-A880-9EBD7AD1156E}.Debug|x64.Build.0 = Debug|Any CPU
		{FEEFBE4B-2146-4614-A880-9EBD7AD1156E}.Debug|x86.ActiveCfg = Debug|Any CPU
		{FEEFBE4B-2146-4614-A880-9EBD7AD1156E}.Debug|x86.Build.0 = Debug|Any CPU
		{FEEFBE4B-2146-4614-A880-9EBD7AD1156E}.Release|Any CPU.ActiveCfg = Release|Any CPU
		{FEEFBE4B-2146-4614-A880-9EBD7AD1156E}.Release|Any CPU.Build.0 = Release|Any CPU
		{FEEFBE4B-2146-4614-A880-9EBD7AD1156E}.Release|x64.ActiveCfg = Release|Any CPU
		{FEEFBE4B-2146-4614-A880-9EBD7AD1156E}.Release|x64.Build.0 = Release|Any CPU
		{FEEFBE4B-2146-4614-A880-9EBD7AD1156E}.Release|x86.ActiveCfg = Release|Any CPU
		{FEEFBE4B-2146-4614-A880-9EBD7AD1156E}.Release|x86.Build.0 = Release|Any CPU
		{95801E89-A273-457A-B340-FFBAFC9CDCD4}.Debug|Any CPU.ActiveCfg = Debug|Any CPU
		{95801E89-A273-457A-B340-FFBAFC9CDCD4}.Debug|Any CPU.Build.0 = Debug|Any CPU
		{95801E89-A273-457A-B340-FFBAFC9CDCD4}.Debug|x64.ActiveCfg = Debug|Any CPU
		{95801E89-A273-457A-B340-FFBAFC9CDCD4}.Debug|x64.Build.0 = Debug|Any CPU
		{95801E89-A273-457A-B340-FFBAFC9CDCD4}.Debug|x86.ActiveCfg = Debug|Any CPU
		{95801E89-A273-457A-B340-FFBAFC9CDCD4}.Debug|x86.Build.0 = Debug|Any CPU
		{95801E89-A273-457A-B340-FFBAFC9CDCD4}.Release|Any CPU.ActiveCfg = Release|Any CPU
		{95801E89-A273-457A-B340-FFBAFC9CDCD4}.Release|Any CPU.Build.0 = Release|Any CPU
		{95801E89-A273-457A-B340-FFBAFC9CDCD4}.Release|x64.ActiveCfg = Release|Any CPU
		{95801E89-A273-457A-B340-FFBAFC9CDCD4}.Release|x64.Build.0 = Release|Any CPU
		{95801E89-A273-457A-B340-FFBAFC9CDCD4}.Release|x86.ActiveCfg = Release|Any CPU
		{95801E89-A273-457A-B340-FFBAFC9CDCD4}.Release|x86.Build.0 = Release|Any CPU
	EndGlobalSection
	GlobalSection(NestedProjects) = preSolution
		{46359836-B647-4FA2-9C1C-2E3AD4902050} = {2A9F14A9-1ECD-4139-A713-AA880BFD2E81}
		{ED224C3D-824C-44E2-A547-D9BC5BA4E613} = {B7686889-02C6-46C1-A4A4-F634F6BB9F38}
		{57AF657D-9649-455A-BA66-025744C77EBB} = {2A9F14A9-1ECD-4139-A713-AA880BFD2E81}
		{E3E7257F-4CF7-4783-80E8-01C49EE9FF62} = {2A9F14A9-1ECD-4139-A713-AA880BFD2E81}
		{259044DF-4811-42C9-BE7F-DDF6213184F5} = {2A9F14A9-1ECD-4139-A713-AA880BFD2E81}
		{82EEBB7E-6227-42C8-8D6E-ED8DBF032C0C} = {2A9F14A9-1ECD-4139-A713-AA880BFD2E81}
		{1B12941F-EA5B-446D-BBE1-8BC5880AA9E3} = {2A9F14A9-1ECD-4139-A713-AA880BFD2E81}
		{D3AF0F2B-CC45-43E8-BCB3-6C56E3831844} = {2A9F14A9-1ECD-4139-A713-AA880BFD2E81}
		{40838331-E5E7-474C-A23C-025A1EFDD6B3} = {2A9F14A9-1ECD-4139-A713-AA880BFD2E81}
		{FEEFBE4B-2146-4614-A880-9EBD7AD1156E} = {2A9F14A9-1ECD-4139-A713-AA880BFD2E81}
		{95801E89-A273-457A-B340-FFBAFC9CDCD4} = {2A9F14A9-1ECD-4139-A713-AA880BFD2E81}
	EndGlobalSection
EndGlobal
